
Microsoft Visual Studio Solution File, Format Version 12.00
# Visual Studio Version 16
VisualStudioVersion = 16.0.29728.190
MinimumVisualStudioVersion = 10.0.40219.1
Project("{FAE04EC0-301F-11D3-BF4B-00C04F79EFBC}") = "efcore_sort", "efcore_sort\efcore_sort.csproj", "{34624A60-0999-45E9-8336-E4EAC000DCE5}"
EndProject
Global
	GlobalSection(SolutionConfigurationPlatforms) = preSolution
		Debug|Any CPU = Debug|Any CPU
		Release|Any CPU = Release|Any CPU
	EndGlobalSection
	GlobalSection(ProjectConfigurationPlatforms) = postSolution
		{34624A60-0999-45E9-8336-E4EAC000DCE5}.Debug|Any CPU.ActiveCfg = Debug|Any CPU
		{34624A60-0999-45E9-8336-E4EAC000DCE5}.Debug|Any CPU.Build.0 = Debug|Any CPU
		{34624A60-0999-45E9-8336-E4EAC000DCE5}.Release|Any CPU.ActiveCfg = Release|Any CPU
		{34624A60-0999-45E9-8336-E4EAC000DCE5}.Release|Any CPU.Build.0 = Release|Any CPU
	EndGlobalSection
	GlobalSection(SolutionProperties) = preSolution
		HideSolutionNode = FALSE
	EndGlobalSection
	GlobalSection(ExtensibilityGlobals) = postSolution
		SolutionGuid = {2F552FC3-DD08-41B6-9576-3A334B21365B}
	EndGlobalSection
EndGlobal
